
Microsoft Visual Studio Solution File, Format Version 12.00
# Visual Studio Version 16
VisualStudioVersion = 16.0.30104.148
MinimumVisualStudioVersion = 10.0.40219.1
Project("{FAE04EC0-301F-11D3-BF4B-00C04F79EFBC}") = "ShuffleBot", "ShuffleBot\ShuffleBot.csproj", "{0BACB94D-A70E-4DF6-B76E-0B2D081795C6}"
EndProject
Global
	GlobalSection(SolutionConfigurationPlatforms) = preSolution
		Debug|Any CPU = Debug|Any CPU
		Release|Any CPU = Release|Any CPU
	EndGlobalSection
	GlobalSection(ProjectConfigurationPlatforms) = postSolution
		{0BACB94D-A70E-4DF6-B76E-0B2D081795C6}.Debug|Any CPU.ActiveCfg = Debug|Any CPU
		{0BACB94D-A70E-4DF6-B76E-0B2D081795C6}.Debug|Any CPU.Build.0 = Debug|Any CPU
		{0BACB94D-A70E-4DF6-B76E-0B2D081795C6}.Release|Any CPU.ActiveCfg = Release|Any CPU
		{0BACB94D-A70E-4DF6-B76E-0B2D081795C6}.Release|Any CPU.Build.0 = Release|Any CPU
	EndGlobalSection
	GlobalSection(SolutionProperties) = preSolution
		HideSolutionNode = FALSE
	EndGlobalSection
	GlobalSection(ExtensibilityGlobals) = postSolution
		SolutionGuid = {F54CBACB-6AB8-437A-95DB-06D79641E41E}
	EndGlobalSection
EndGlobal
